<?xml version="1.0" encoding="utf-8"?>
<Project ToolsVersion="4.0" xmlns:atg="http://atg.xbox.com" xmlns="http://schemas.microsoft.com/developer/msbuild/2003">
  <ItemGroup>
    <Filter Include="Resource Files">
      <UniqueIdentifier>{8e114980-c1a3-4ada-ad7c-83caadf5daeb}</UniqueIdentifier>
      <Extensions>rc;ico;cur;bmp;dlg;rc2;rct;bin;rgs;gif;jpg;jpeg;jpe</Extensions>
    </Filter>
    <Filter Include="Shaders">
      <UniqueIdentifier>{2c3d4c8c-5d1a-459a-a05a-a4e4b608a44e}</UniqueIdentifier>
      <Extensions>fx;fxh;hlsl</Extensions>
    </Filter>
    <Filter Include="NvAPI">
      <UniqueIdentifier>{36314250-470a-4cbd-b1cc-6e3306838831}</UniqueIdentifier>
    </Filter>
  </ItemGroup>
  <ItemGroup>
    <ClCompile Include="DDSTextureLoader.cpp" />
  </ItemGroup>
  <ItemGroup>
    <ClCompile Include="Tutorial07.cpp" />
  </ItemGroup>
  <ItemGroup>
    <CLInclude Include="resource.h">
      <Filter>Resource Files</Filter>
    </CLInclude>
    <ResourceCompile Include="Tutorial07.rc">
      <Filter>Resource Files</Filter>
    </ResourceCompile>
    <ClInclude Include="DDSTextureLoader.h" />
    <ClInclude Include="nvapi.h">
      <Filter>NvAPI</Filter>
    </ClInclude>
    <ClInclude Include="nvapi_lite_common.h">
      <Filter>NvAPI</Filter>
    </ClInclude>
    <ClInclude Include="nvapi_lite_d3dext.h">
      <Filter>NvAPI</Filter>
    </ClInclude>
    <ClInclude Include="nvapi_lite_salend.h">
      <Filter>NvAPI</Filter>
    </ClInclude>
    <ClInclude Include="nvapi_lite_salstart.h">
      <Filter>NvAPI</Filter>
    </ClInclude>
    <ClInclude Include="nvapi_lite_sli.h">
      <Filter>NvAPI</Filter>
    </ClInclude>
    <ClInclude Include="nvapi_lite_stereo.h">
      <Filter>NvAPI</Filter>
    </ClInclude>
    <ClInclude Include="nvapi_lite_surround.h">
      <Filter>NvAPI</Filter>
    </ClInclude>
  </ItemGroup>
  <ItemGroup>
    <FxCompile Include="Tutorial07.fx">
      <Filter>Shaders</Filter>
    </FxCompile>
    <FxCompile Include="Tutorial07_PS.hlsl">
      <Filter>Shaders</Filter>
    </FxCompile>
    <FxCompile Include="Tutorial07_VS.hlsl">
      <Filter>Shaders</Filter>
    </FxCompile>
  </ItemGroup>
  <ItemGroup>
    <Image Include="seafloor.dds">
      <Filter>Resource Files</Filter>
    </Image>
  </ItemGroup>
  <ItemGroup>
    <Library Include="nvapi.lib">
      <Filter>NvAPI</Filter>
    </Library>
    <Library Include="nvapi64.lib">
      <Filter>NvAPI</Filter>
    </Library>
  </ItemGroup>
</Project>